
Microsoft Visual Studio Solution File, Format Version 12.00
# Visual Studio 14
VisualStudioVersion = 14.0.25123.0
MinimumVisualStudioVersion = 10.0.40219.1
Project("{FAE04EC0-301F-11D3-BF4B-00C04F79EFBC}") = "bud", "bud\bud.csproj", "{5D2C752C-65D5-4148-918A-AB11F8344E68}"
EndProject
Project("{FAE04EC0-301F-11D3-BF4B-00C04F79EFBC}") = "Bud.Building", "Libs\Bud.Building\Bud.Building.csproj", "{5A604E11-557A-429D-8237-2956CA928422}"
EndProject
Project("{FAE04EC0-301F-11D3-BF4B-00C04F79EFBC}") = "Bud.Building.Test", "Libs\Bud.Building.Test\Bud.Building.Test.csproj", "{569D3DDA-7694-4AB2-83A5-EC92EADD6002}"
EndProject
Project("{FAE04EC0-301F-11D3-BF4B-00C04F79EFBC}") = "Bud.Test", "Libs\Bud.Test\Bud.Test.csproj", "{E5E245ED-633E-4589-90C2-A69EEDD96B72}"
EndProject
Project("{FAE04EC0-301F-11D3-BF4B-00C04F79EFBC}") = "Bud.Scripting", "Libs\Bud.Scripting\Bud.Scripting.csproj", "{F1CC850C-4C10-4D2C-8267-0C7EF196CB38}"
EndProject
Project("{FAE04EC0-301F-11D3-BF4B-00C04F79EFBC}") = "Bud.Scripting.Test", "Libs\Bud.Scripting.Test\Bud.Scripting.Test.csproj", "{9A731D93-1960-4847-8259-64BA42D6026A}"
EndProject
Project("{FAE04EC0-301F-11D3-BF4B-00C04F79EFBC}") = "Bud.Exec", "Libs\Bud.Exec\Bud.Exec.csproj", "{7647A7D1-BB14-4A70-9B0A-551B051CC125}"
EndProject
Project("{FAE04EC0-301F-11D3-BF4B-00C04F79EFBC}") = "Bud.RunScript", "CliTools\Bud.RunScript\Bud.RunScript.csproj", "{05236F73-9AE4-4351-8378-29F96B6977C2}"
EndProject
Project("{FAE04EC0-301F-11D3-BF4B-00C04F79EFBC}") = "Bud.Cache", "Libs\Bud.Cache\Bud.Cache.csproj", "{713F14ED-BAF2-4CE4-AFB3-ECADAC2B710B}"
EndProject
Project("{FAE04EC0-301F-11D3-BF4B-00C04F79EFBC}") = "Bud.Cache.Test", "Libs\Bud.Cache.Test\Bud.Cache.Test.csproj", "{F212314A-CA0E-45D6-BFC7-134A43E5A96F}"
EndProject
Project("{FAE04EC0-301F-11D3-BF4B-00C04F79EFBC}") = "Bud.References", "Libs\Bud.References\Bud.References.csproj", "{A4D2B43F-F24A-480A-B743-EBE0186B0D21}"
EndProject
Project("{FAE04EC0-301F-11D3-BF4B-00C04F79EFBC}") = "Bud.References.Test", "Libs\Bud.References.Test\Bud.References.Test.csproj", "{CD0A7381-310B-421B-9B5B-2CBDB7BCE8D3}"
EndProject
Project("{2150E333-8FDC-42A3-9474-1A3956D46DE8}") = "CliTools", "CliTools", "{1B7C3817-387F-4D1A-B332-DB0802002240}"
EndProject
Project("{FAE04EC0-301F-11D3-BF4B-00C04F79EFBC}") = "Bud.ScriptToCsProj", "CliTools\Bud.ScriptToCsProj\Bud.ScriptToCsProj.csproj", "{D5DD5466-BBA7-4B4A-B8E6-74B4B643C1CC}"
EndProject
Project("{FAE04EC0-301F-11D3-BF4B-00C04F79EFBC}") = "Bud.CsProjTools", "Libs\Bud.CsProjTools\Bud.CsProjTools.csproj", "{C3AF8877-8FDE-4D6C-B5F8-51655E7FE63B}"
EndProject
Project("{FAE04EC0-301F-11D3-BF4B-00C04F79EFBC}") = "Bud.CsProjTools.Test", "Libs\Bud.CsProjTools.Test\Bud.CsProjTools.Test.csproj", "{C0141677-538F-4352-BC87-417141927B59}"
EndProject
Project("{FAE04EC0-301F-11D3-BF4B-00C04F79EFBC}") = "Bud.ScriptToCsProj.Test", "CliTools\Bud.ScriptToCsProj.Test\Bud.ScriptToCsProj.Test.csproj", "{7C9D58CA-20B0-4A55-844A-19BED08C8E0D}"
EndProject
Project("{FAE04EC0-301F-11D3-BF4B-00C04F79EFBC}") = "Samples.Test", "Samples.Test\Samples.Test.csproj", "{DE00FDE6-D7A8-4073-88BA-63EFACB51522}"
EndProject
Project("{FAE04EC0-301F-11D3-BF4B-00C04F79EFBC}") = "Bud.Make", "Libs\Bud.Make\Bud.Make.csproj", "{3E9AEFD6-385D-43A7-9DDB-5EEF2643B6F7}"
EndProject
Project("{FAE04EC0-301F-11D3-BF4B-00C04F79EFBC}") = "Bud.Make.Test", "Libs\Bud.Make.Test\Bud.Make.Test.csproj", "{9A1CEBC6-07FE-4EE0-8A49-570771B811AB}"
EndProject
Project("{FAE04EC0-301F-11D3-BF4B-00C04F79EFBC}") = "Bud.NuGet", "Libs\Bud.NuGet\Bud.NuGet.csproj", "{E9529521-9D73-4DCE-AA81-D1E08CBB53D4}"
EndProject
Project("{FAE04EC0-301F-11D3-BF4B-00C04F79EFBC}") = "Bud.NuGet.Test", "Libs\Bud.NuGet.Test\Bud.NuGet.Test.csproj", "{8BB10CC7-062C-4D0C-9032-8B92B8201CD3}"
EndProject
Project("{FAE04EC0-301F-11D3-BF4B-00C04F79EFBC}") = "Bud.FilesObservatory", "Libs\Bud.FilesObservatory\Bud.FilesObservatory.csproj", "{0AAA33EA-E957-4E45-AAC9-8021D2E82E80}"
EndProject
Project("{FAE04EC0-301F-11D3-BF4B-00C04F79EFBC}") = "Bud.FilesObservatory.Test", "Libs\Bud.FilesObservatory.Test\Bud.FilesObservatory.Test.csproj", "{575CC825-C484-4EA6-B741-6FF360335000}"
EndProject
Project("{2150E333-8FDC-42A3-9474-1A3956D46DE8}") = "Libs", "Libs", "{644CE80A-A265-410F-959B-39A8CF596A48}"
EndProject
Global
	GlobalSection(SolutionConfigurationPlatforms) = preSolution
		Debug|Any CPU = Debug|Any CPU
		Release|Any CPU = Release|Any CPU
	EndGlobalSection
	GlobalSection(ProjectConfigurationPlatforms) = postSolution
		{5D2C752C-65D5-4148-918A-AB11F8344E68}.Debug|Any CPU.ActiveCfg = Debug|Any CPU
		{5D2C752C-65D5-4148-918A-AB11F8344E68}.Debug|Any CPU.Build.0 = Debug|Any CPU
		{5D2C752C-65D5-4148-918A-AB11F8344E68}.Release|Any CPU.ActiveCfg = Release|Any CPU
		{5D2C752C-65D5-4148-918A-AB11F8344E68}.Release|Any CPU.Build.0 = Release|Any CPU
		{5A604E11-557A-429D-8237-2956CA928422}.Debug|Any CPU.ActiveCfg = Debug|Any CPU
		{5A604E11-557A-429D-8237-2956CA928422}.Debug|Any CPU.Build.0 = Debug|Any CPU
		{5A604E11-557A-429D-8237-2956CA928422}.Release|Any CPU.ActiveCfg = Release|Any CPU
		{5A604E11-557A-429D-8237-2956CA928422}.Release|Any CPU.Build.0 = Release|Any CPU
		{569D3DDA-7694-4AB2-83A5-EC92EADD6002}.Debug|Any CPU.ActiveCfg = Debug|Any CPU
		{569D3DDA-7694-4AB2-83A5-EC92EADD6002}.Debug|Any CPU.Build.0 = Debug|Any CPU
		{569D3DDA-7694-4AB2-83A5-EC92EADD6002}.Release|Any CPU.ActiveCfg = Release|Any CPU
		{569D3DDA-7694-4AB2-83A5-EC92EADD6002}.Release|Any CPU.Build.0 = Release|Any CPU
		{E5E245ED-633E-4589-90C2-A69EEDD96B72}.Debug|Any CPU.ActiveCfg = Debug|Any CPU
		{E5E245ED-633E-4589-90C2-A69EEDD96B72}.Debug|Any CPU.Build.0 = Debug|Any CPU
		{E5E245ED-633E-4589-90C2-A69EEDD96B72}.Release|Any CPU.ActiveCfg = Release|Any CPU
		{E5E245ED-633E-4589-90C2-A69EEDD96B72}.Release|Any CPU.Build.0 = Release|Any CPU
		{F1CC850C-4C10-4D2C-8267-0C7EF196CB38}.Debug|Any CPU.ActiveCfg = Debug|Any CPU
		{F1CC850C-4C10-4D2C-8267-0C7EF196CB38}.Debug|Any CPU.Build.0 = Debug|Any CPU
		{F1CC850C-4C10-4D2C-8267-0C7EF196CB38}.Release|Any CPU.ActiveCfg = Release|Any CPU
		{F1CC850C-4C10-4D2C-8267-0C7EF196CB38}.Release|Any CPU.Build.0 = Release|Any CPU
		{9A731D93-1960-4847-8259-64BA42D6026A}.Debug|Any CPU.ActiveCfg = Debug|Any CPU
		{9A731D93-1960-4847-8259-64BA42D6026A}.Debug|Any CPU.Build.0 = Debug|Any CPU
		{9A731D93-1960-4847-8259-64BA42D6026A}.Release|Any CPU.ActiveCfg = Release|Any CPU
		{9A731D93-1960-4847-8259-64BA42D6026A}.Release|Any CPU.Build.0 = Release|Any CPU
		{7647A7D1-BB14-4A70-9B0A-551B051CC125}.Debug|Any CPU.ActiveCfg = Debug|Any CPU
		{7647A7D1-BB14-4A70-9B0A-551B051CC125}.Debug|Any CPU.Build.0 = Debug|Any CPU
		{7647A7D1-BB14-4A70-9B0A-551B051CC125}.Release|Any CPU.ActiveCfg = Release|Any CPU
		{7647A7D1-BB14-4A70-9B0A-551B051CC125}.Release|Any CPU.Build.0 = Release|Any CPU
		{05236F73-9AE4-4351-8378-29F96B6977C2}.Debug|Any CPU.ActiveCfg = Debug|Any CPU
		{05236F73-9AE4-4351-8378-29F96B6977C2}.Debug|Any CPU.Build.0 = Debug|Any CPU
		{05236F73-9AE4-4351-8378-29F96B6977C2}.Release|Any CPU.ActiveCfg = Release|Any CPU
		{05236F73-9AE4-4351-8378-29F96B6977C2}.Release|Any CPU.Build.0 = Release|Any CPU
		{713F14ED-BAF2-4CE4-AFB3-ECADAC2B710B}.Debug|Any CPU.ActiveCfg = Debug|Any CPU
		{713F14ED-BAF2-4CE4-AFB3-ECADAC2B710B}.Debug|Any CPU.Build.0 = Debug|Any CPU
		{713F14ED-BAF2-4CE4-AFB3-ECADAC2B710B}.Release|Any CPU.ActiveCfg = Release|Any CPU
		{713F14ED-BAF2-4CE4-AFB3-ECADAC2B710B}.Release|Any CPU.Build.0 = Release|Any CPU
		{F212314A-CA0E-45D6-BFC7-134A43E5A96F}.Debug|Any CPU.ActiveCfg = Debug|Any CPU
		{F212314A-CA0E-45D6-BFC7-134A43E5A96F}.Debug|Any CPU.Build.0 = Debug|Any CPU
		{F212314A-CA0E-45D6-BFC7-134A43E5A96F}.Release|Any CPU.ActiveCfg = Release|Any CPU
		{F212314A-CA0E-45D6-BFC7-134A43E5A96F}.Release|Any CPU.Build.0 = Release|Any CPU
		{A4D2B43F-F24A-480A-B743-EBE0186B0D21}.Debug|Any CPU.ActiveCfg = Debug|Any CPU
		{A4D2B43F-F24A-480A-B743-EBE0186B0D21}.Debug|Any CPU.Build.0 = Debug|Any CPU
		{A4D2B43F-F24A-480A-B743-EBE0186B0D21}.Release|Any CPU.ActiveCfg = Release|Any CPU
		{A4D2B43F-F24A-480A-B743-EBE0186B0D21}.Release|Any CPU.Build.0 = Release|Any CPU
		{CD0A7381-310B-421B-9B5B-2CBDB7BCE8D3}.Debug|Any CPU.ActiveCfg = Debug|Any CPU
		{CD0A7381-310B-421B-9B5B-2CBDB7BCE8D3}.Debug|Any CPU.Build.0 = Debug|Any CPU
		{CD0A7381-310B-421B-9B5B-2CBDB7BCE8D3}.Release|Any CPU.ActiveCfg = Release|Any CPU
		{CD0A7381-310B-421B-9B5B-2CBDB7BCE8D3}.Release|Any CPU.Build.0 = Release|Any CPU
		{D5DD5466-BBA7-4B4A-B8E6-74B4B643C1CC}.Debug|Any CPU.ActiveCfg = Debug|Any CPU
		{D5DD5466-BBA7-4B4A-B8E6-74B4B643C1CC}.Debug|Any CPU.Build.0 = Debug|Any CPU
		{D5DD5466-BBA7-4B4A-B8E6-74B4B643C1CC}.Release|Any CPU.ActiveCfg = Release|Any CPU
		{D5DD5466-BBA7-4B4A-B8E6-74B4B643C1CC}.Release|Any CPU.Build.0 = Release|Any CPU
		{C3AF8877-8FDE-4D6C-B5F8-51655E7FE63B}.Debug|Any CPU.ActiveCfg = Debug|Any CPU
		{C3AF8877-8FDE-4D6C-B5F8-51655E7FE63B}.Debug|Any CPU.Build.0 = Debug|Any CPU
		{C3AF8877-8FDE-4D6C-B5F8-51655E7FE63B}.Release|Any CPU.ActiveCfg = Release|Any CPU
		{C3AF8877-8FDE-4D6C-B5F8-51655E7FE63B}.Release|Any CPU.Build.0 = Release|Any CPU
		{C0141677-538F-4352-BC87-417141927B59}.Debug|Any CPU.ActiveCfg = Debug|Any CPU
		{C0141677-538F-4352-BC87-417141927B59}.Debug|Any CPU.Build.0 = Debug|Any CPU
		{C0141677-538F-4352-BC87-417141927B59}.Release|Any CPU.ActiveCfg = Release|Any CPU
		{C0141677-538F-4352-BC87-417141927B59}.Release|Any CPU.Build.0 = Release|Any CPU
		{7C9D58CA-20B0-4A55-844A-19BED08C8E0D}.Debug|Any CPU.ActiveCfg = Debug|Any CPU
		{7C9D58CA-20B0-4A55-844A-19BED08C8E0D}.Debug|Any CPU.Build.0 = Debug|Any CPU
		{7C9D58CA-20B0-4A55-844A-19BED08C8E0D}.Release|Any CPU.ActiveCfg = Release|Any CPU
		{7C9D58CA-20B0-4A55-844A-19BED08C8E0D}.Release|Any CPU.Build.0 = Release|Any CPU
		{DE00FDE6-D7A8-4073-88BA-63EFACB51522}.Debug|Any CPU.ActiveCfg = Debug|Any CPU
		{DE00FDE6-D7A8-4073-88BA-63EFACB51522}.Debug|Any CPU.Build.0 = Debug|Any CPU
		{DE00FDE6-D7A8-4073-88BA-63EFACB51522}.Release|Any CPU.ActiveCfg = Release|Any CPU
		{DE00FDE6-D7A8-4073-88BA-63EFACB51522}.Release|Any CPU.Build.0 = Release|Any CPU
		{3E9AEFD6-385D-43A7-9DDB-5EEF2643B6F7}.Debug|Any CPU.ActiveCfg = Debug|Any CPU
		{3E9AEFD6-385D-43A7-9DDB-5EEF2643B6F7}.Debug|Any CPU.Build.0 = Debug|Any CPU
		{3E9AEFD6-385D-43A7-9DDB-5EEF2643B6F7}.Release|Any CPU.ActiveCfg = Release|Any CPU
		{3E9AEFD6-385D-43A7-9DDB-5EEF2643B6F7}.Release|Any CPU.Build.0 = Release|Any CPU
		{9A1CEBC6-07FE-4EE0-8A49-570771B811AB}.Debug|Any CPU.ActiveCfg = Debug|Any CPU
		{9A1CEBC6-07FE-4EE0-8A49-570771B811AB}.Debug|Any CPU.Build.0 = Debug|Any CPU
		{9A1CEBC6-07FE-4EE0-8A49-570771B811AB}.Release|Any CPU.ActiveCfg = Release|Any CPU
		{9A1CEBC6-07FE-4EE0-8A49-570771B811AB}.Release|Any CPU.Build.0 = Release|Any CPU
		{E9529521-9D73-4DCE-AA81-D1E08CBB53D4}.Debug|Any CPU.ActiveCfg = Debug|Any CPU
		{E9529521-9D73-4DCE-AA81-D1E08CBB53D4}.Debug|Any CPU.Build.0 = Debug|Any CPU
		{E9529521-9D73-4DCE-AA81-D1E08CBB53D4}.Release|Any CPU.ActiveCfg = Release|Any CPU
		{E9529521-9D73-4DCE-AA81-D1E08CBB53D4}.Release|Any CPU.Build.0 = Release|Any CPU
		{8BB10CC7-062C-4D0C-9032-8B92B8201CD3}.Debug|Any CPU.ActiveCfg = Debug|Any CPU
		{8BB10CC7-062C-4D0C-9032-8B92B8201CD3}.Debug|Any CPU.Build.0 = Debug|Any CPU
		{8BB10CC7-062C-4D0C-9032-8B92B8201CD3}.Release|Any CPU.ActiveCfg = Release|Any CPU
		{8BB10CC7-062C-4D0C-9032-8B92B8201CD3}.Release|Any CPU.Build.0 = Release|Any CPU
		{0AAA33EA-E957-4E45-AAC9-8021D2E82E80}.Debug|Any CPU.ActiveCfg = Debug|Any CPU
		{0AAA33EA-E957-4E45-AAC9-8021D2E82E80}.Debug|Any CPU.Build.0 = Debug|Any CPU
		{0AAA33EA-E957-4E45-AAC9-8021D2E82E80}.Release|Any CPU.ActiveCfg = Release|Any CPU
		{0AAA33EA-E957-4E45-AAC9-8021D2E82E80}.Release|Any CPU.Build.0 = Release|Any CPU
		{575CC825-C484-4EA6-B741-6FF360335000}.Debug|Any CPU.ActiveCfg = Debug|Any CPU
		{575CC825-C484-4EA6-B741-6FF360335000}.Debug|Any CPU.Build.0 = Debug|Any CPU
		{575CC825-C484-4EA6-B741-6FF360335000}.Release|Any CPU.ActiveCfg = Release|Any CPU
		{575CC825-C484-4EA6-B741-6FF360335000}.Release|Any CPU.Build.0 = Release|Any CPU
	EndGlobalSection
	GlobalSection(SolutionProperties) = preSolution
		HideSolutionNode = FALSE
	EndGlobalSection
	GlobalSection(NestedProjects) = preSolution
		{5A604E11-557A-429D-8237-2956CA928422} = {644CE80A-A265-410F-959B-39A8CF596A48}
		{569D3DDA-7694-4AB2-83A5-EC92EADD6002} = {644CE80A-A265-410F-959B-39A8CF596A48}
		{E5E245ED-633E-4589-90C2-A69EEDD96B72} = {644CE80A-A265-410F-959B-39A8CF596A48}
		{F1CC850C-4C10-4D2C-8267-0C7EF196CB38} = {644CE80A-A265-410F-959B-39A8CF596A48}
		{9A731D93-1960-4847-8259-64BA42D6026A} = {644CE80A-A265-410F-959B-39A8CF596A48}
		{7647A7D1-BB14-4A70-9B0A-551B051CC125} = {644CE80A-A265-410F-959B-39A8CF596A48}
		{05236F73-9AE4-4351-8378-29F96B6977C2} = {1B7C3817-387F-4D1A-B332-DB0802002240}
		{713F14ED-BAF2-4CE4-AFB3-ECADAC2B710B} = {644CE80A-A265-410F-959B-39A8CF596A48}
		{F212314A-CA0E-45D6-BFC7-134A43E5A96F} = {644CE80A-A265-410F-959B-39A8CF596A48}
		{A4D2B43F-F24A-480A-B743-EBE0186B0D21} = {644CE80A-A265-410F-959B-39A8CF596A48}
		{CD0A7381-310B-421B-9B5B-2CBDB7BCE8D3} = {644CE80A-A265-410F-959B-39A8CF596A48}
		{D5DD5466-BBA7-4B4A-B8E6-74B4B643C1CC} = {1B7C3817-387F-4D1A-B332-DB0802002240}
		{C3AF8877-8FDE-4D6C-B5F8-51655E7FE63B} = {644CE80A-A265-410F-959B-39A8CF596A48}
		{C0141677-538F-4352-BC87-417141927B59} = {644CE80A-A265-410F-959B-39A8CF596A48}
		{7C9D58CA-20B0-4A55-844A-19BED08C8E0D} = {1B7C3817-387F-4D1A-B332-DB0802002240}
		{3E9AEFD6-385D-43A7-9DDB-5EEF2643B6F7} = {644CE80A-A265-410F-959B-39A8CF596A48}
		{9A1CEBC6-07FE-4EE0-8A49-570771B811AB} = {644CE80A-A265-410F-959B-39A8CF596A48}
		{E9529521-9D73-4DCE-AA81-D1E08CBB53D4} = {644CE80A-A265-410F-959B-39A8CF596A48}
		{8BB10CC7-062C-4D0C-9032-8B92B8201CD3} = {644CE80A-A265-410F-959B-39A8CF596A48}
		{0AAA33EA-E957-4E45-AAC9-8021D2E82E80} = {644CE80A-A265-410F-959B-39A8CF596A48}
		{575CC825-C484-4EA6-B741-6FF360335000} = {644CE80A-A265-410F-959B-39A8CF596A48}
	EndGlobalSection
EndGlobal
