
Microsoft Visual Studio Solution File, Format Version 12.00
# Visual Studio 14
VisualStudioVersion = 14.0.25123.0
MinimumVisualStudioVersion = 10.0.40219.1
Project("{FAE04EC0-301F-11D3-BF4B-00C04F79EFBC}") = "bud", "bud\bud.csproj", "{5D2C752C-65D5-4148-918A-AB11F8344E68}"
EndProject
Project("{FAE04EC0-301F-11D3-BF4B-00C04F79EFBC}") = "Bud.Building", "Bud.Building\Bud.Building.csproj", "{5A604E11-557A-429D-8237-2956CA928422}"
EndProject
Project("{FAE04EC0-301F-11D3-BF4B-00C04F79EFBC}") = "Bud.Building.Test", "Bud.Building.Test\Bud.Building.Test.csproj", "{569D3DDA-7694-4AB2-83A5-EC92EADD6002}"
EndProject
Project("{FAE04EC0-301F-11D3-BF4B-00C04F79EFBC}") = "Bud.TempDir", "Bud.TempDir\Bud.TempDir.csproj", "{B8EFE565-1FDA-48CB-A7F3-B3627B747727}"
EndProject
Project("{FAE04EC0-301F-11D3-BF4B-00C04F79EFBC}") = "Bud.TempDir.Test", "Bud.TempDir.Test\Bud.TempDir.Test.csproj", "{5144ABF8-C9AC-4034-8459-0BBB964AC712}"
EndProject
Project("{FAE04EC0-301F-11D3-BF4B-00C04F79EFBC}") = "Bud.Test", "Bud.Test\Bud.Test.csproj", "{E5E245ED-633E-4589-90C2-A69EEDD96B72}"
EndProject
Project("{FAE04EC0-301F-11D3-BF4B-00C04F79EFBC}") = "Bud.Scripting", "Bud.Scripting\Bud.Scripting.csproj", "{F1CC850C-4C10-4D2C-8267-0C7EF196CB38}"
EndProject
Project("{FAE04EC0-301F-11D3-BF4B-00C04F79EFBC}") = "Bud.Scripting.Test", "Bud.Scripting.Test\Bud.Scripting.Test.csproj", "{9A731D93-1960-4847-8259-64BA42D6026A}"
EndProject
Project("{FAE04EC0-301F-11D3-BF4B-00C04F79EFBC}") = "Bud.Exec", "Bud.Exec\Bud.Exec.csproj", "{7647A7D1-BB14-4A70-9B0A-551B051CC125}"
EndProject
Project("{FAE04EC0-301F-11D3-BF4B-00C04F79EFBC}") = "Bud.Option", "Bud.Option\Bud.Option.csproj", "{594DC304-3A8A-43FC-BE7D-71D8C603014A}"
EndProject
Project("{FAE04EC0-301F-11D3-BF4B-00C04F79EFBC}") = "Bud.Option.Test", "Bud.Option.Test\Bud.Option.Test.csproj", "{CC20DA6A-455A-431D-807C-9E5533DBF633}"
EndProject
Project("{FAE04EC0-301F-11D3-BF4B-00C04F79EFBC}") = "Bud.RunScript", "Bud.RunScript\Bud.RunScript.csproj", "{05236F73-9AE4-4351-8378-29F96B6977C2}"
EndProject
Project("{FAE04EC0-301F-11D3-BF4B-00C04F79EFBC}") = "Bud.Cache", "Bud.Cache\Bud.Cache.csproj", "{713F14ED-BAF2-4CE4-AFB3-ECADAC2B710B}"
EndProject
Project("{FAE04EC0-301F-11D3-BF4B-00C04F79EFBC}") = "Bud.Cache.Test", "Bud.Cache.Test\Bud.Cache.Test.csproj", "{F212314A-CA0E-45D6-BFC7-134A43E5A96F}"
EndProject
Global
	GlobalSection(SolutionConfigurationPlatforms) = preSolution
		Debug|Any CPU = Debug|Any CPU
		Release|Any CPU = Release|Any CPU
	EndGlobalSection
	GlobalSection(ProjectConfigurationPlatforms) = postSolution
		{5D2C752C-65D5-4148-918A-AB11F8344E68}.Debug|Any CPU.ActiveCfg = Debug|Any CPU
		{5D2C752C-65D5-4148-918A-AB11F8344E68}.Debug|Any CPU.Build.0 = Debug|Any CPU
		{5D2C752C-65D5-4148-918A-AB11F8344E68}.Release|Any CPU.ActiveCfg = Release|Any CPU
		{5D2C752C-65D5-4148-918A-AB11F8344E68}.Release|Any CPU.Build.0 = Release|Any CPU
		{5A604E11-557A-429D-8237-2956CA928422}.Debug|Any CPU.ActiveCfg = Debug|Any CPU
		{5A604E11-557A-429D-8237-2956CA928422}.Debug|Any CPU.Build.0 = Debug|Any CPU
		{5A604E11-557A-429D-8237-2956CA928422}.Release|Any CPU.ActiveCfg = Release|Any CPU
		{5A604E11-557A-429D-8237-2956CA928422}.Release|Any CPU.Build.0 = Release|Any CPU
		{569D3DDA-7694-4AB2-83A5-EC92EADD6002}.Debug|Any CPU.ActiveCfg = Debug|Any CPU
		{569D3DDA-7694-4AB2-83A5-EC92EADD6002}.Debug|Any CPU.Build.0 = Debug|Any CPU
		{569D3DDA-7694-4AB2-83A5-EC92EADD6002}.Release|Any CPU.ActiveCfg = Release|Any CPU
		{569D3DDA-7694-4AB2-83A5-EC92EADD6002}.Release|Any CPU.Build.0 = Release|Any CPU
		{B8EFE565-1FDA-48CB-A7F3-B3627B747727}.Debug|Any CPU.ActiveCfg = Debug|Any CPU
		{B8EFE565-1FDA-48CB-A7F3-B3627B747727}.Debug|Any CPU.Build.0 = Debug|Any CPU
		{B8EFE565-1FDA-48CB-A7F3-B3627B747727}.Release|Any CPU.ActiveCfg = Release|Any CPU
		{B8EFE565-1FDA-48CB-A7F3-B3627B747727}.Release|Any CPU.Build.0 = Release|Any CPU
		{5144ABF8-C9AC-4034-8459-0BBB964AC712}.Debug|Any CPU.ActiveCfg = Debug|Any CPU
		{5144ABF8-C9AC-4034-8459-0BBB964AC712}.Debug|Any CPU.Build.0 = Debug|Any CPU
		{5144ABF8-C9AC-4034-8459-0BBB964AC712}.Release|Any CPU.ActiveCfg = Release|Any CPU
		{5144ABF8-C9AC-4034-8459-0BBB964AC712}.Release|Any CPU.Build.0 = Release|Any CPU
		{E5E245ED-633E-4589-90C2-A69EEDD96B72}.Debug|Any CPU.ActiveCfg = Debug|Any CPU
		{E5E245ED-633E-4589-90C2-A69EEDD96B72}.Debug|Any CPU.Build.0 = Debug|Any CPU
		{E5E245ED-633E-4589-90C2-A69EEDD96B72}.Release|Any CPU.ActiveCfg = Release|Any CPU
		{E5E245ED-633E-4589-90C2-A69EEDD96B72}.Release|Any CPU.Build.0 = Release|Any CPU
		{F1CC850C-4C10-4D2C-8267-0C7EF196CB38}.Debug|Any CPU.ActiveCfg = Debug|Any CPU
		{F1CC850C-4C10-4D2C-8267-0C7EF196CB38}.Debug|Any CPU.Build.0 = Debug|Any CPU
		{F1CC850C-4C10-4D2C-8267-0C7EF196CB38}.Release|Any CPU.ActiveCfg = Release|Any CPU
		{F1CC850C-4C10-4D2C-8267-0C7EF196CB38}.Release|Any CPU.Build.0 = Release|Any CPU
		{9A731D93-1960-4847-8259-64BA42D6026A}.Debug|Any CPU.ActiveCfg = Debug|Any CPU
		{9A731D93-1960-4847-8259-64BA42D6026A}.Debug|Any CPU.Build.0 = Debug|Any CPU
		{9A731D93-1960-4847-8259-64BA42D6026A}.Release|Any CPU.ActiveCfg = Release|Any CPU
		{9A731D93-1960-4847-8259-64BA42D6026A}.Release|Any CPU.Build.0 = Release|Any CPU
		{7647A7D1-BB14-4A70-9B0A-551B051CC125}.Debug|Any CPU.ActiveCfg = Debug|Any CPU
		{7647A7D1-BB14-4A70-9B0A-551B051CC125}.Debug|Any CPU.Build.0 = Debug|Any CPU
		{7647A7D1-BB14-4A70-9B0A-551B051CC125}.Release|Any CPU.ActiveCfg = Release|Any CPU
		{7647A7D1-BB14-4A70-9B0A-551B051CC125}.Release|Any CPU.Build.0 = Release|Any CPU
		{594DC304-3A8A-43FC-BE7D-71D8C603014A}.Debug|Any CPU.ActiveCfg = Debug|Any CPU
		{594DC304-3A8A-43FC-BE7D-71D8C603014A}.Debug|Any CPU.Build.0 = Debug|Any CPU
		{594DC304-3A8A-43FC-BE7D-71D8C603014A}.Release|Any CPU.ActiveCfg = Release|Any CPU
		{594DC304-3A8A-43FC-BE7D-71D8C603014A}.Release|Any CPU.Build.0 = Release|Any CPU
		{CC20DA6A-455A-431D-807C-9E5533DBF633}.Debug|Any CPU.ActiveCfg = Debug|Any CPU
		{CC20DA6A-455A-431D-807C-9E5533DBF633}.Debug|Any CPU.Build.0 = Debug|Any CPU
		{CC20DA6A-455A-431D-807C-9E5533DBF633}.Release|Any CPU.ActiveCfg = Release|Any CPU
		{CC20DA6A-455A-431D-807C-9E5533DBF633}.Release|Any CPU.Build.0 = Release|Any CPU
		{05236F73-9AE4-4351-8378-29F96B6977C2}.Debug|Any CPU.ActiveCfg = Debug|Any CPU
		{05236F73-9AE4-4351-8378-29F96B6977C2}.Debug|Any CPU.Build.0 = Debug|Any CPU
		{05236F73-9AE4-4351-8378-29F96B6977C2}.Release|Any CPU.ActiveCfg = Release|Any CPU
		{05236F73-9AE4-4351-8378-29F96B6977C2}.Release|Any CPU.Build.0 = Release|Any CPU
		{713F14ED-BAF2-4CE4-AFB3-ECADAC2B710B}.Debug|Any CPU.ActiveCfg = Debug|Any CPU
		{713F14ED-BAF2-4CE4-AFB3-ECADAC2B710B}.Debug|Any CPU.Build.0 = Debug|Any CPU
		{713F14ED-BAF2-4CE4-AFB3-ECADAC2B710B}.Release|Any CPU.ActiveCfg = Release|Any CPU
		{713F14ED-BAF2-4CE4-AFB3-ECADAC2B710B}.Release|Any CPU.Build.0 = Release|Any CPU
		{F212314A-CA0E-45D6-BFC7-134A43E5A96F}.Debug|Any CPU.ActiveCfg = Debug|Any CPU
		{F212314A-CA0E-45D6-BFC7-134A43E5A96F}.Debug|Any CPU.Build.0 = Debug|Any CPU
		{F212314A-CA0E-45D6-BFC7-134A43E5A96F}.Release|Any CPU.ActiveCfg = Release|Any CPU
		{F212314A-CA0E-45D6-BFC7-134A43E5A96F}.Release|Any CPU.Build.0 = Release|Any CPU
	EndGlobalSection
	GlobalSection(SolutionProperties) = preSolution
		HideSolutionNode = FALSE
	EndGlobalSection
EndGlobal
