
Microsoft Visual Studio Solution File, Format Version 12.00
# Visual Studio 2013
VisualStudioVersion = 12.0.31101.0
MinimumVisualStudioVersion = 10.0.40219.1
%projects:{ project |
Project("{FAE04EC0-301F-11D3-BF4B-00C04F79EFBC\}") = "%project.Id%", "%project.RelativeCsprojPath%", "{%project.Guid%\}"
EndProject
}%
Global
	GlobalSection(SolutionConfigurationPlatforms) = preSolution
		Debug|x86 = Debug|x86
		Release|x86 = Release|x86
	EndGlobalSection
	GlobalSection(ProjectConfigurationPlatforms) = postSolution
%projects:{ project |
		{%project.Guid%\}.Debug|x86.ActiveCfg = Debug|Any CPU
		{%project.Guid%\}.Debug|x86.Build.0 = Debug|Any CPU
		{%project.Guid%\}.Release|x86.ActiveCfg = Release|Any CPU
		{%project.Guid%\}.Release|x86.Build.0 = Release|Any CPU
}%
	EndGlobalSection
	GlobalSection(SolutionProperties) = preSolution
		HideSolutionNode = FALSE
	EndGlobalSection
EndGlobal
